// !$*UTF8*$!
{
	archiveVersion = 1;
	classes = {
	};
	objectVersion = 56;
	objects = {

/* Begin PBXBuildFile section */
		2514688329B2D830003FEDB8 /* ContentView-DemoLinks20230303.swift in Sources */ = {isa = PBXBuildFile; fileRef = 2514688229B2D830003FEDB8 /* ContentView-DemoLinks20230303.swift */; };
		2517047929BADB9A0038139B /* ContentView-DemoSheetAnd3DRotation20230309.swift in Sources */ = {isa = PBXBuildFile; fileRef = 2517047829BADB9A0038139B /* ContentView-DemoSheetAnd3DRotation20230309.swift */; };
		251A63D729CD3B1200843F54 /* ContentView-DemoStepper20230323.swift in Sources */ = {isa = PBXBuildFile; fileRef = 251A63D629CD3B1200843F54 /* ContentView-DemoStepper20230323.swift */; };
		2524754429CBE9D500532385 /* ContentView-DemoToolbarItem20230322.swift in Sources */ = {isa = PBXBuildFile; fileRef = 2524754329CBE9D500532385 /* ContentView-DemoToolbarItem20230322.swift */; };
		252EC1A629B57AA400E58960 /* ContentView-DemoRESTAPI20230305.swift in Sources */ = {isa = PBXBuildFile; fileRef = 252EC1A529B57AA400E58960 /* ContentView-DemoRESTAPI20230305.swift */; };
		25326D0629B194B400BEDBD9 /* ContentView-DemoGroup20230302.swift in Sources */ = {isa = PBXBuildFile; fileRef = 25326D0529B194B400BEDBD9 /* ContentView-DemoGroup20230302.swift */; };
		2532F9C529C9453500B2E1BB /* ContentView-DemoSortOptions20230320.swift in Sources */ = {isa = PBXBuildFile; fileRef = 2532F9C429C9453500B2E1BB /* ContentView-DemoSortOptions20230320.swift */; };
		2534EA3029D12EA200FFE9CA /* ContentView-DemoDatePicker20230326.swift in Sources */ = {isa = PBXBuildFile; fileRef = 2534EA2F29D12EA200FFE9CA /* ContentView-DemoDatePicker20230326.swift */; };
		253D252B29C7F20900EBAD9C /* ContentView-DemoDelegatePattern20230319.swift in Sources */ = {isa = PBXBuildFile; fileRef = 253D252A29C7F20900EBAD9C /* ContentView-DemoDelegatePattern20230319.swift */; };
		2542682D29AC4F240039ECF6 /* README.md in Resources */ = {isa = PBXBuildFile; fileRef = 2542682C29AC4F240039ECF6 /* README.md */; };
		2542682F29AC4F370039ECF6 /* .gitignore in Resources */ = {isa = PBXBuildFile; fileRef = 2542682E29AC4F370039ECF6 /* .gitignore */; };
		2542683529AC4FF40039ECF6 /* ViewModel-DemoSearchable20230207.swift in Sources */ = {isa = PBXBuildFile; fileRef = 2542683229AC4FF40039ECF6 /* ViewModel-DemoSearchable20230207.swift */; };
		2542683629AC4FF40039ECF6 /* ContentView-DemoSearchable20230207.swift in Sources */ = {isa = PBXBuildFile; fileRef = 2542683329AC4FF40039ECF6 /* ContentView-DemoSearchable20230207.swift */; };
		2542683729AC4FF40039ECF6 /* Model-DemoSearchable20230207.swift in Sources */ = {isa = PBXBuildFile; fileRef = 2542683429AC4FF40039ECF6 /* Model-DemoSearchable20230207.swift */; };
		2542683C29AC5B430039ECF6 /* ContentView-DemoDynamicIslandNotification20230226.swift in Sources */ = {isa = PBXBuildFile; fileRef = 2542683B29AC5B430039ECF6 /* ContentView-DemoDynamicIslandNotification20230226.swift */; };
		255D67BC29DBA92B00CCD2CB /* ContentView-DemoDragGesture20230403.swift in Sources */ = {isa = PBXBuildFile; fileRef = 255D67BB29DBA92B00CCD2CB /* ContentView-DemoDragGesture20230403.swift */; };
		255D776229B807CB000A901B /* ContentView-DemoCustomShape20230307.swift in Sources */ = {isa = PBXBuildFile; fileRef = 255D776129B807CB000A901B /* ContentView-DemoCustomShape20230307.swift */; };
		2569394D29B9326D00BC9AD5 /* ContentView-DemoGridView20230308.swift in Sources */ = {isa = PBXBuildFile; fileRef = 2569394C29B9326D00BC9AD5 /* ContentView-DemoGridView20230308.swift */; };
		256A776F29C55F55006F3576 /* ContentView-DemoGeometryReader20230317.swift in Sources */ = {isa = PBXBuildFile; fileRef = 256A776E29C55F55006F3576 /* ContentView-DemoGeometryReader20230317.swift */; };
		256D118D29C2AEEA009596EA /* ContentView-DemoUserInputs20230315.swift in Sources */ = {isa = PBXBuildFile; fileRef = 256D118C29C2AEEA009596EA /* ContentView-DemoUserInputs20230315.swift */; };
		256FC53B29B6EC0100098798 /* ContentView-DemoShapes20230306.swift in Sources */ = {isa = PBXBuildFile; fileRef = 256FC53A29B6EC0100098798 /* ContentView-DemoShapes20230306.swift */; };
		25726C1F29D523EE005B664A /* ContentView-DemoProgressView20230329.swift in Sources */ = {isa = PBXBuildFile; fileRef = 25726C1E29D523EE005B664A /* ContentView-DemoProgressView20230329.swift */; };
		258B480E29BC22AD00FEC6C5 /* ContentView-DemoCopyToClipboard20230310.swift in Sources */ = {isa = PBXBuildFile; fileRef = 258B480D29BC22AD00FEC6C5 /* ContentView-DemoCopyToClipboard20230310.swift */; };
		258DFC7029BD79AA0097CCC6 /* ContentView-DemoLinearGradient20230311.swift in Sources */ = {isa = PBXBuildFile; fileRef = 258DFC6F29BD79AA0097CCC6 /* ContentView-DemoLinearGradient20230311.swift */; };
		2590E03829D3D36F005011DA /* ContentView-DemoAlert20230328.swift in Sources */ = {isa = PBXBuildFile; fileRef = 2590E03729D3D36F005011DA /* ContentView-DemoAlert20230328.swift */; };
		2597082B29B427AC008D2BF7 /* ContentView-DemoState20230304.swift in Sources */ = {isa = PBXBuildFile; fileRef = 2597082A29B427AC008D2BF7 /* ContentView-DemoState20230304.swift */; };
		25AA147229AC4E1000970AF1 /* iOSDevXApp.swift in Sources */ = {isa = PBXBuildFile; fileRef = 25AA147129AC4E1000970AF1 /* iOSDevXApp.swift */; };
		25AA147629AC4E1000970AF1 /* Assets.xcassets in Resources */ = {isa = PBXBuildFile; fileRef = 25AA147529AC4E1000970AF1 /* Assets.xcassets */; };
		25AA147929AC4E1000970AF1 /* Preview Assets.xcassets in Resources */ = {isa = PBXBuildFile; fileRef = 25AA147829AC4E1000970AF1 /* Preview Assets.xcassets */; };
		25B4B57529CA6200000494E4 /* ContentView-DemoPageView20230321.swift in Sources */ = {isa = PBXBuildFile; fileRef = 25B4B57429CA6200000494E4 /* ContentView-DemoPageView20230321.swift */; };
		25BAE6BF29CE833400D62578 /* ContentView-DemoTernaryOperator20230324.swift in Sources */ = {isa = PBXBuildFile; fileRef = 25BAE6BE29CE833400D62578 /* ContentView-DemoTernaryOperator20230324.swift */; };
		25C9522C29C6916300B1D640 /* ContentView-DemoForEach20230318.swift in Sources */ = {isa = PBXBuildFile; fileRef = 25C9522B29C6916300B1D640 /* ContentView-DemoForEach20230318.swift */; };
		25CD9DAC29C3FA96000C6785 /* ContentView-DemoMapKit20230316.swift in Sources */ = {isa = PBXBuildFile; fileRef = 25CD9DAB29C3FA96000C6785 /* ContentView-DemoMapKit20230316.swift */; };
		25CD9DAE29C3FF49000C6785 /* ContentView-DemoMapWithPin2023.swift in Sources */ = {isa = PBXBuildFile; fileRef = 25CD9DAD29C3FF49000C6785 /* ContentView-DemoMapWithPin2023.swift */; };
		25D1898329B03EAF00C9DC95 /* ContentView-DemoAsycImg20230301.swift in Sources */ = {isa = PBXBuildFile; fileRef = 25D1898229B03EAF00C9DC95 /* ContentView-DemoAsycImg20230301.swift */; };
		25D1898729B0545D00C9DC95 /* ContentView-DemoColorPicker20230213.swift in Sources */ = {isa = PBXBuildFile; fileRef = 25D1898629B0545D00C9DC95 /* ContentView-DemoColorPicker20230213.swift */; };
		25D1898929B055BA00C9DC95 /* CustomColorPickerView-DemoColorPicker20230213.swift in Sources */ = {isa = PBXBuildFile; fileRef = 25D1898829B055BA00C9DC95 /* CustomColorPickerView-DemoColorPicker20230213.swift */; };
		25D1898C29B0568500C9DC95 /* ContentView-DemoColorSchemePreference20230224.swift in Sources */ = {isa = PBXBuildFile; fileRef = 25D1898B29B0568500C9DC95 /* ContentView-DemoColorSchemePreference20230224.swift */; };
		25D3439929AEE179009E736D /* ContentView-DemoCodableImage20230211.swift in Sources */ = {isa = PBXBuildFile; fileRef = 25D3439829AEE179009E736D /* ContentView-DemoCodableImage20230211.swift */; };
		25D3439C29AEE41A009E736D /* ContentView-DemoCharts20230209.swift in Sources */ = {isa = PBXBuildFile; fileRef = 25D3439B29AEE41A009E736D /* ContentView-DemoCharts20230209.swift */; };
		25D3439F29AEE63A009E736D /* DemoInitializers20230228.swift in Sources */ = {isa = PBXBuildFile; fileRef = 25D3439E29AEE63A009E736D /* DemoInitializers20230228.swift */; };
		25D76B2B29AD949F00226176 /* ContentView-DemoMenuButton20230208.swift in Sources */ = {isa = PBXBuildFile; fileRef = 25D76B2A29AD949F00226176 /* ContentView-DemoMenuButton20230208.swift */; };
		25D76B2F29AD95A400226176 /* Model20230210.xcdatamodeld in Sources */ = {isa = PBXBuildFile; fileRef = 25D76B2D29AD95A400226176 /* Model20230210.xcdatamodeld */; };
		25D76B3129AD95C500226176 /* ContentView-DemoCoreData20230210.swift in Sources */ = {isa = PBXBuildFile; fileRef = 25D76B3029AD95C500226176 /* ContentView-DemoCoreData20230210.swift */; };
		25D76B3329AD963100226176 /* ViewModel-DemoCoreData20230210.swift in Sources */ = {isa = PBXBuildFile; fileRef = 25D76B3229AD963100226176 /* ViewModel-DemoCoreData20230210.swift */; };
		25D76B3529AD966200226176 /* Persistence-DemoCoreData20230210.swift in Sources */ = {isa = PBXBuildFile; fileRef = 25D76B3429AD966200226176 /* Persistence-DemoCoreData20230210.swift */; };
		25D76B3929AD9B6100226176 /* ContentView-DemoLocalJSON20230227.swift in Sources */ = {isa = PBXBuildFile; fileRef = 25D76B3829AD9B6100226176 /* ContentView-DemoLocalJSON20230227.swift */; };
		25E35FF629C0053200B88CE9 /* ContentView-DemoPicker20230313.swift in Sources */ = {isa = PBXBuildFile; fileRef = 25E35FF529C0053200B88CE9 /* ContentView-DemoPicker20230313.swift */; };
		25FFBDC229D6782100EF4F73 /* ContentView-DemoGaugeView20230331.swift in Sources */ = {isa = PBXBuildFile; fileRef = 25FFBDC129D6782100EF4F73 /* ContentView-DemoGaugeView20230331.swift */; };
/* End PBXBuildFile section */

/* Begin PBXFileReference section */
		2514688229B2D830003FEDB8 /* ContentView-DemoLinks20230303.swift */ = {isa = PBXFileReference; lastKnownFileType = sourcecode.swift; path = "ContentView-DemoLinks20230303.swift"; sourceTree = "<group>"; };
		2517047829BADB9A0038139B /* ContentView-DemoSheetAnd3DRotation20230309.swift */ = {isa = PBXFileReference; lastKnownFileType = sourcecode.swift; path = "ContentView-DemoSheetAnd3DRotation20230309.swift"; sourceTree = "<group>"; };
		251A63D629CD3B1200843F54 /* ContentView-DemoStepper20230323.swift */ = {isa = PBXFileReference; lastKnownFileType = sourcecode.swift; path = "ContentView-DemoStepper20230323.swift"; sourceTree = "<group>"; };
		2524754329CBE9D500532385 /* ContentView-DemoToolbarItem20230322.swift */ = {isa = PBXFileReference; lastKnownFileType = sourcecode.swift; path = "ContentView-DemoToolbarItem20230322.swift"; sourceTree = "<group>"; };
		252EC1A529B57AA400E58960 /* ContentView-DemoRESTAPI20230305.swift */ = {isa = PBXFileReference; lastKnownFileType = sourcecode.swift; path = "ContentView-DemoRESTAPI20230305.swift"; sourceTree = "<group>"; };
		25326D0529B194B400BEDBD9 /* ContentView-DemoGroup20230302.swift */ = {isa = PBXFileReference; lastKnownFileType = sourcecode.swift; path = "ContentView-DemoGroup20230302.swift"; sourceTree = "<group>"; };
		2532F9C429C9453500B2E1BB /* ContentView-DemoSortOptions20230320.swift */ = {isa = PBXFileReference; lastKnownFileType = sourcecode.swift; path = "ContentView-DemoSortOptions20230320.swift"; sourceTree = "<group>"; };
		2534EA2F29D12EA200FFE9CA /* ContentView-DemoDatePicker20230326.swift */ = {isa = PBXFileReference; lastKnownFileType = sourcecode.swift; path = "ContentView-DemoDatePicker20230326.swift"; sourceTree = "<group>"; };
		253D252A29C7F20900EBAD9C /* ContentView-DemoDelegatePattern20230319.swift */ = {isa = PBXFileReference; lastKnownFileType = sourcecode.swift; path = "ContentView-DemoDelegatePattern20230319.swift"; sourceTree = "<group>"; };
		2542682C29AC4F240039ECF6 /* README.md */ = {isa = PBXFileReference; fileEncoding = 4; lastKnownFileType = net.daringfireball.markdown; path = README.md; sourceTree = "<group>"; };
		2542682E29AC4F370039ECF6 /* .gitignore */ = {isa = PBXFileReference; fileEncoding = 4; lastKnownFileType = text; path = .gitignore; sourceTree = "<group>"; };
		2542683229AC4FF40039ECF6 /* ViewModel-DemoSearchable20230207.swift */ = {isa = PBXFileReference; fileEncoding = 4; lastKnownFileType = sourcecode.swift; path = "ViewModel-DemoSearchable20230207.swift"; sourceTree = "<group>"; };
		2542683329AC4FF40039ECF6 /* ContentView-DemoSearchable20230207.swift */ = {isa = PBXFileReference; fileEncoding = 4; lastKnownFileType = sourcecode.swift; path = "ContentView-DemoSearchable20230207.swift"; sourceTree = "<group>"; };
		2542683429AC4FF40039ECF6 /* Model-DemoSearchable20230207.swift */ = {isa = PBXFileReference; fileEncoding = 4; lastKnownFileType = sourcecode.swift; path = "Model-DemoSearchable20230207.swift"; sourceTree = "<group>"; };
		2542683B29AC5B430039ECF6 /* ContentView-DemoDynamicIslandNotification20230226.swift */ = {isa = PBXFileReference; lastKnownFileType = sourcecode.swift; path = "ContentView-DemoDynamicIslandNotification20230226.swift"; sourceTree = "<group>"; };
		255D67BB29DBA92B00CCD2CB /* ContentView-DemoDragGesture20230403.swift */ = {isa = PBXFileReference; lastKnownFileType = sourcecode.swift; path = "ContentView-DemoDragGesture20230403.swift"; sourceTree = "<group>"; };
		255D776129B807CB000A901B /* ContentView-DemoCustomShape20230307.swift */ = {isa = PBXFileReference; lastKnownFileType = sourcecode.swift; path = "ContentView-DemoCustomShape20230307.swift"; sourceTree = "<group>"; };
		2569394C29B9326D00BC9AD5 /* ContentView-DemoGridView20230308.swift */ = {isa = PBXFileReference; lastKnownFileType = sourcecode.swift; path = "ContentView-DemoGridView20230308.swift"; sourceTree = "<group>"; };
		256A776E29C55F55006F3576 /* ContentView-DemoGeometryReader20230317.swift */ = {isa = PBXFileReference; lastKnownFileType = sourcecode.swift; path = "ContentView-DemoGeometryReader20230317.swift"; sourceTree = "<group>"; };
		256D118C29C2AEEA009596EA /* ContentView-DemoUserInputs20230315.swift */ = {isa = PBXFileReference; lastKnownFileType = sourcecode.swift; path = "ContentView-DemoUserInputs20230315.swift"; sourceTree = "<group>"; };
		256FC53A29B6EC0100098798 /* ContentView-DemoShapes20230306.swift */ = {isa = PBXFileReference; lastKnownFileType = sourcecode.swift; path = "ContentView-DemoShapes20230306.swift"; sourceTree = "<group>"; };
		25726C1E29D523EE005B664A /* ContentView-DemoProgressView20230329.swift */ = {isa = PBXFileReference; lastKnownFileType = sourcecode.swift; path = "ContentView-DemoProgressView20230329.swift"; sourceTree = "<group>"; };
		258B480D29BC22AD00FEC6C5 /* ContentView-DemoCopyToClipboard20230310.swift */ = {isa = PBXFileReference; lastKnownFileType = sourcecode.swift; path = "ContentView-DemoCopyToClipboard20230310.swift"; sourceTree = "<group>"; };
		258DFC6F29BD79AA0097CCC6 /* ContentView-DemoLinearGradient20230311.swift */ = {isa = PBXFileReference; lastKnownFileType = sourcecode.swift; path = "ContentView-DemoLinearGradient20230311.swift"; sourceTree = "<group>"; };
		2590E03729D3D36F005011DA /* ContentView-DemoAlert20230328.swift */ = {isa = PBXFileReference; lastKnownFileType = sourcecode.swift; path = "ContentView-DemoAlert20230328.swift"; sourceTree = "<group>"; };
		2597082A29B427AC008D2BF7 /* ContentView-DemoState20230304.swift */ = {isa = PBXFileReference; lastKnownFileType = sourcecode.swift; path = "ContentView-DemoState20230304.swift"; sourceTree = "<group>"; };
		25AA146E29AC4E1000970AF1 /* iOSDevX.app */ = {isa = PBXFileReference; explicitFileType = wrapper.application; includeInIndex = 0; path = iOSDevX.app; sourceTree = BUILT_PRODUCTS_DIR; };
		25AA147129AC4E1000970AF1 /* iOSDevXApp.swift */ = {isa = PBXFileReference; lastKnownFileType = sourcecode.swift; path = iOSDevXApp.swift; sourceTree = "<group>"; };
		25AA147529AC4E1000970AF1 /* Assets.xcassets */ = {isa = PBXFileReference; lastKnownFileType = folder.assetcatalog; path = Assets.xcassets; sourceTree = "<group>"; };
		25AA147829AC4E1000970AF1 /* Preview Assets.xcassets */ = {isa = PBXFileReference; lastKnownFileType = folder.assetcatalog; path = "Preview Assets.xcassets"; sourceTree = "<group>"; };
		25B4B57429CA6200000494E4 /* ContentView-DemoPageView20230321.swift */ = {isa = PBXFileReference; lastKnownFileType = sourcecode.swift; path = "ContentView-DemoPageView20230321.swift"; sourceTree = "<group>"; };
		25BAE6BE29CE833400D62578 /* ContentView-DemoTernaryOperator20230324.swift */ = {isa = PBXFileReference; lastKnownFileType = sourcecode.swift; path = "ContentView-DemoTernaryOperator20230324.swift"; sourceTree = "<group>"; };
		25C9522B29C6916300B1D640 /* ContentView-DemoForEach20230318.swift */ = {isa = PBXFileReference; lastKnownFileType = sourcecode.swift; path = "ContentView-DemoForEach20230318.swift"; sourceTree = "<group>"; };
		25CD9DAB29C3FA96000C6785 /* ContentView-DemoMapKit20230316.swift */ = {isa = PBXFileReference; lastKnownFileType = sourcecode.swift; path = "ContentView-DemoMapKit20230316.swift"; sourceTree = "<group>"; };
		25CD9DAD29C3FF49000C6785 /* ContentView-DemoMapWithPin2023.swift */ = {isa = PBXFileReference; lastKnownFileType = sourcecode.swift; path = "ContentView-DemoMapWithPin2023.swift"; sourceTree = "<group>"; };
		25D1898229B03EAF00C9DC95 /* ContentView-DemoAsycImg20230301.swift */ = {isa = PBXFileReference; lastKnownFileType = sourcecode.swift; path = "ContentView-DemoAsycImg20230301.swift"; sourceTree = "<group>"; };
		25D1898629B0545D00C9DC95 /* ContentView-DemoColorPicker20230213.swift */ = {isa = PBXFileReference; lastKnownFileType = sourcecode.swift; path = "ContentView-DemoColorPicker20230213.swift"; sourceTree = "<group>"; };
		25D1898829B055BA00C9DC95 /* CustomColorPickerView-DemoColorPicker20230213.swift */ = {isa = PBXFileReference; lastKnownFileType = sourcecode.swift; path = "CustomColorPickerView-DemoColorPicker20230213.swift"; sourceTree = "<group>"; };
		25D1898B29B0568500C9DC95 /* ContentView-DemoColorSchemePreference20230224.swift */ = {isa = PBXFileReference; lastKnownFileType = sourcecode.swift; path = "ContentView-DemoColorSchemePreference20230224.swift"; sourceTree = "<group>"; };
		25D3439829AEE179009E736D /* ContentView-DemoCodableImage20230211.swift */ = {isa = PBXFileReference; lastKnownFileType = sourcecode.swift; path = "ContentView-DemoCodableImage20230211.swift"; sourceTree = "<group>"; };
		25D3439B29AEE41A009E736D /* ContentView-DemoCharts20230209.swift */ = {isa = PBXFileReference; lastKnownFileType = sourcecode.swift; path = "ContentView-DemoCharts20230209.swift"; sourceTree = "<group>"; };
		25D3439E29AEE63A009E736D /* DemoInitializers20230228.swift */ = {isa = PBXFileReference; lastKnownFileType = sourcecode.swift; path = DemoInitializers20230228.swift; sourceTree = "<group>"; };
		25D76B2A29AD949F00226176 /* ContentView-DemoMenuButton20230208.swift */ = {isa = PBXFileReference; lastKnownFileType = sourcecode.swift; path = "ContentView-DemoMenuButton20230208.swift"; sourceTree = "<group>"; };
		25D76B2E29AD95A400226176 /* Model.xcdatamodel */ = {isa = PBXFileReference; lastKnownFileType = wrapper.xcdatamodel; path = Model.xcdatamodel; sourceTree = "<group>"; };
		25D76B3029AD95C500226176 /* ContentView-DemoCoreData20230210.swift */ = {isa = PBXFileReference; lastKnownFileType = sourcecode.swift; path = "ContentView-DemoCoreData20230210.swift"; sourceTree = "<group>"; };
		25D76B3229AD963100226176 /* ViewModel-DemoCoreData20230210.swift */ = {isa = PBXFileReference; lastKnownFileType = sourcecode.swift; path = "ViewModel-DemoCoreData20230210.swift"; sourceTree = "<group>"; };
		25D76B3429AD966200226176 /* Persistence-DemoCoreData20230210.swift */ = {isa = PBXFileReference; lastKnownFileType = sourcecode.swift; path = "Persistence-DemoCoreData20230210.swift"; sourceTree = "<group>"; };
		25D76B3829AD9B6100226176 /* ContentView-DemoLocalJSON20230227.swift */ = {isa = PBXFileReference; lastKnownFileType = sourcecode.swift; path = "ContentView-DemoLocalJSON20230227.swift"; sourceTree = "<group>"; };
		25E35FF529C0053200B88CE9 /* ContentView-DemoPicker20230313.swift */ = {isa = PBXFileReference; lastKnownFileType = sourcecode.swift; path = "ContentView-DemoPicker20230313.swift"; sourceTree = "<group>"; };
		25FFBDC129D6782100EF4F73 /* ContentView-DemoGaugeView20230331.swift */ = {isa = PBXFileReference; lastKnownFileType = sourcecode.swift; path = "ContentView-DemoGaugeView20230331.swift"; sourceTree = "<group>"; };
/* End PBXFileReference section */

/* Begin PBXFrameworksBuildPhase section */
		25AA146B29AC4E1000970AF1 /* Frameworks */ = {
			isa = PBXFrameworksBuildPhase;
			buildActionMask = 2147483647;
			files = (
			);
			runOnlyForDeploymentPostprocessing = 0;
		};
/* End PBXFrameworksBuildPhase section */

/* Begin PBXGroup section */
		2514688129B2D813003FEDB8 /* Links in SwiftUI */ = {
			isa = PBXGroup;
			children = (
				2514688229B2D830003FEDB8 /* ContentView-DemoLinks20230303.swift */,
			);
			path = "Links in SwiftUI";
			sourceTree = "<group>";
		};
		2517047729BADB720038139B /* Sheet & 3D Rotation */ = {
			isa = PBXGroup;
			children = (
				2517047829BADB9A0038139B /* ContentView-DemoSheetAnd3DRotation20230309.swift */,
			);
			path = "Sheet & 3D Rotation";
			sourceTree = "<group>";
		};
		251A63D829CD4A2F00843F54 /* Stepper */ = {
			isa = PBXGroup;
			children = (
				251A63D629CD3B1200843F54 /* ContentView-DemoStepper20230323.swift */,
			);
			path = Stepper;
			sourceTree = "<group>";
		};
		252EC1A429B57A8C00E58960 /* REST API */ = {
			isa = PBXGroup;
			children = (
				252EC1A529B57AA400E58960 /* ContentView-DemoRESTAPI20230305.swift */,
			);
			path = "REST API";
			sourceTree = "<group>";
		};
		25326D0429B1949F00BEDBD9 /* Group */ = {
			isa = PBXGroup;
			children = (
				25326D0529B194B400BEDBD9 /* ContentView-DemoGroup20230302.swift */,
			);
			path = Group;
			sourceTree = "<group>";
		};
		2532F9C629C9535000B2E1BB /* Sort Options */ = {
			isa = PBXGroup;
			children = (
				2532F9C429C9453500B2E1BB /* ContentView-DemoSortOptions20230320.swift */,
			);
			path = "Sort Options";
			sourceTree = "<group>";
		};
		2534EA3129D134A900FFE9CA /* Date Picker */ = {
			isa = PBXGroup;
			children = (
				2534EA2F29D12EA200FFE9CA /* ContentView-DemoDatePicker20230326.swift */,
			);
			path = "Date Picker";
			sourceTree = "<group>";
		};
		253D254629C8013700EBAD9C /* Delegate Pattern */ = {
			isa = PBXGroup;
			children = (
				253D252A29C7F20900EBAD9C /* ContentView-DemoDelegatePattern20230319.swift */,
			);
			path = "Delegate Pattern";
			sourceTree = "<group>";
		};
		2542683029AC4FA90039ECF6 /* 202302-Feb 2023 */ = {
			isa = PBXGroup;
			children = (
				25D1898A29B0566D00C9DC95 /* ColorSchemePreference */,
				25D1898529B0543400C9DC95 /* ColorPicker */,
				25D3439D29AEE623009E736D /* Initializers */,
				25D3439A29AEE3ED009E736D /* Charts */,
				25D3439729AEE149009E736D /* CodableImage */,
				25D76B3729AD9B0B00226176 /* Local JSON */,
				25D76B2C29AD958400226176 /* CoreDataMVVM */,
				25D76B2929AD943000226176 /* Menu Button */,
				2542683829AC56440039ECF6 /* Dynamic Island In-app Notification */,
				2542683129AC4FD60039ECF6 /* Searchable List */,
			);
			path = "202302-Feb 2023";
			sourceTree = "<group>";
		};
		2542683129AC4FD60039ECF6 /* Searchable List */ = {
			isa = PBXGroup;
			children = (
				2542683329AC4FF40039ECF6 /* ContentView-DemoSearchable20230207.swift */,
				2542683429AC4FF40039ECF6 /* Model-DemoSearchable20230207.swift */,
				2542683229AC4FF40039ECF6 /* ViewModel-DemoSearchable20230207.swift */,
			);
			path = "Searchable List";
			sourceTree = "<group>";
		};
		2542683829AC56440039ECF6 /* Dynamic Island In-app Notification */ = {
			isa = PBXGroup;
			children = (
				2542683B29AC5B430039ECF6 /* ContentView-DemoDynamicIslandNotification20230226.swift */,
			);
			path = "Dynamic Island In-app Notification";
			sourceTree = "<group>";
		};
		2547226729CBF6B70091CB54 /* Toolbar Item in SwiftUI */ = {
			isa = PBXGroup;
			children = (
				2524754329CBE9D500532385 /* ContentView-DemoToolbarItem20230322.swift */,
			);
			path = "Toolbar Item in SwiftUI";
			sourceTree = "<group>";
		};
		255D67BA29DBA8FA00CCD2CB /* 202304-Apr 2023 */ = {
			isa = PBXGroup;
			children = (
				255D67BB29DBA92B00CCD2CB /* ContentView-DemoDragGesture20230403.swift */,
			);
			path = "202304-Apr 2023";
			sourceTree = "<group>";
		};
		255D776029B807B0000A901B /* Custom Shape */ = {
			isa = PBXGroup;
			children = (
				255D776129B807CB000A901B /* ContentView-DemoCustomShape20230307.swift */,
			);
			path = "Custom Shape";
			sourceTree = "<group>";
		};
		2569394B29B9316400BC9AD5 /* Grid View */ = {
			isa = PBXGroup;
			children = (
				2569394C29B9326D00BC9AD5 /* ContentView-DemoGridView20230308.swift */,
			);
			path = "Grid View";
			sourceTree = "<group>";
		};
		256A776D29C55F0F006F3576 /* Geometry Reader in SwiftUI */ = {
			isa = PBXGroup;
			children = (
				256A776E29C55F55006F3576 /* ContentView-DemoGeometryReader20230317.swift */,
			);
			path = "Geometry Reader in SwiftUI";
			sourceTree = "<group>";
		};
		256D118B29C2AECD009596EA /* User Inputs */ = {
			isa = PBXGroup;
			children = (
				256D118C29C2AEEA009596EA /* ContentView-DemoUserInputs20230315.swift */,
			);
			path = "User Inputs";
			sourceTree = "<group>";
		};
		256FC53929B6EBD100098798 /* Standard Shapes in SwiftUI */ = {
			isa = PBXGroup;
			children = (
				256FC53A29B6EC0100098798 /* ContentView-DemoShapes20230306.swift */,
			);
			path = "Standard Shapes in SwiftUI";
			sourceTree = "<group>";
		};
		25726C2029D52DC0005B664A /* ProgressView */ = {
			isa = PBXGroup;
			children = (
				25726C1E29D523EE005B664A /* ContentView-DemoProgressView20230329.swift */,
			);
			path = ProgressView;
			sourceTree = "<group>";
		};
		258B480C29BC227900FEC6C5 /* Copy to Clipboard */ = {
			isa = PBXGroup;
			children = (
				258B480D29BC22AD00FEC6C5 /* ContentView-DemoCopyToClipboard20230310.swift */,
			);
			path = "Copy to Clipboard";
			sourceTree = "<group>";
		};
		258DFC6E29BD798E0097CCC6 /* Linear Gradient */ = {
			isa = PBXGroup;
			children = (
				258DFC6F29BD79AA0097CCC6 /* ContentView-DemoLinearGradient20230311.swift */,
			);
			path = "Linear Gradient";
			sourceTree = "<group>";
		};
		2590E03929D3D8CD005011DA /* Alert */ = {
			isa = PBXGroup;
			children = (
				2590E03729D3D36F005011DA /* ContentView-DemoAlert20230328.swift */,
			);
			path = Alert;
			sourceTree = "<group>";
		};
		2597082929B42743008D2BF7 /* State in SwiftUI */ = {
			isa = PBXGroup;
			children = (
				2597082A29B427AC008D2BF7 /* ContentView-DemoState20230304.swift */,
			);
			path = "State in SwiftUI";
			sourceTree = "<group>";
		};
		2597F7C129CAAF2D000E4EB3 /* Page View in SwiftUI */ = {
			isa = PBXGroup;
			children = (
				25B4B57429CA6200000494E4 /* ContentView-DemoPageView20230321.swift */,
			);
			path = "Page View in SwiftUI";
			sourceTree = "<group>";
		};
		25AA146529AC4E1000970AF1 = {
			isa = PBXGroup;
			children = (
				2542682E29AC4F370039ECF6 /* .gitignore */,
				2542682C29AC4F240039ECF6 /* README.md */,
				25AA147029AC4E1000970AF1 /* iOSDevX */,
				25AA146F29AC4E1000970AF1 /* Products */,
			);
			sourceTree = "<group>";
		};
		25AA146F29AC4E1000970AF1 /* Products */ = {
			isa = PBXGroup;
			children = (
				25AA146E29AC4E1000970AF1 /* iOSDevX.app */,
			);
			name = Products;
			sourceTree = "<group>";
		};
		25AA147029AC4E1000970AF1 /* iOSDevX */ = {
			isa = PBXGroup;
			children = (
				255D67BA29DBA8FA00CCD2CB /* 202304-Apr 2023 */,
				25D1898429B043D200C9DC95 /* 202303-Mar 2023 */,
				2542683029AC4FA90039ECF6 /* 202302-Feb 2023 */,
				25AA147129AC4E1000970AF1 /* iOSDevXApp.swift */,
				25AA147529AC4E1000970AF1 /* Assets.xcassets */,
				25AA147729AC4E1000970AF1 /* Preview Content */,
			);
			path = iOSDevX;
			sourceTree = "<group>";
		};
		25AA147729AC4E1000970AF1 /* Preview Content */ = {
			isa = PBXGroup;
			children = (
				25AA147829AC4E1000970AF1 /* Preview Assets.xcassets */,
			);
			path = "Preview Content";
			sourceTree = "<group>";
		};
		25BAE6C029CE8CB400D62578 /* Ternary Operator in SwiftUI */ = {
			isa = PBXGroup;
			children = (
				25BAE6BE29CE833400D62578 /* ContentView-DemoTernaryOperator20230324.swift */,
			);
			path = "Ternary Operator in SwiftUI";
			sourceTree = "<group>";
		};
		25C9522D29C6A36E00B1D640 /* ForEach in SwiftUI */ = {
			isa = PBXGroup;
			children = (
				25C9522B29C6916300B1D640 /* ContentView-DemoForEach20230318.swift */,
			);
			path = "ForEach in SwiftUI";
			sourceTree = "<group>";
		};
		25CD9DAA29C3FA7E000C6785 /* MapKit */ = {
			isa = PBXGroup;
			children = (
				25CD9DAB29C3FA96000C6785 /* ContentView-DemoMapKit20230316.swift */,
				25CD9DAD29C3FF49000C6785 /* ContentView-DemoMapWithPin2023.swift */,
			);
			path = MapKit;
			sourceTree = "<group>";
		};
		25D1898129B03DA000C9DC95 /* AsyncImage */ = {
			isa = PBXGroup;
			children = (
				25D1898229B03EAF00C9DC95 /* ContentView-DemoAsycImg20230301.swift */,
			);
			path = AsyncImage;
			sourceTree = "<group>";
		};
		25D1898429B043D200C9DC95 /* 202303-Mar 2023 */ = {
			isa = PBXGroup;
			children = (
				25FFBDC329D69A6300EF4F73 /* Gauge View */,
				25726C2029D52DC0005B664A /* ProgressView */,
				2590E03929D3D8CD005011DA /* Alert */,
				2534EA3129D134A900FFE9CA /* Date Picker */,
				25BAE6C029CE8CB400D62578 /* Ternary Operator in SwiftUI */,
				251A63D829CD4A2F00843F54 /* Stepper */,
				2547226729CBF6B70091CB54 /* Toolbar Item in SwiftUI */,
				2597F7C129CAAF2D000E4EB3 /* Page View in SwiftUI */,
				2532F9C629C9535000B2E1BB /* Sort Options */,
				253D254629C8013700EBAD9C /* Delegate Pattern */,
				25C9522D29C6A36E00B1D640 /* ForEach in SwiftUI */,
				256A776D29C55F0F006F3576 /* Geometry Reader in SwiftUI */,
				25CD9DAA29C3FA7E000C6785 /* MapKit */,
				256D118B29C2AECD009596EA /* User Inputs */,
				25E35FF429C0051100B88CE9 /* Pickers in SwiftUI */,
				258DFC6E29BD798E0097CCC6 /* Linear Gradient */,
				258B480C29BC227900FEC6C5 /* Copy to Clipboard */,
				2517047729BADB720038139B /* Sheet & 3D Rotation */,
				2569394B29B9316400BC9AD5 /* Grid View */,
				255D776029B807B0000A901B /* Custom Shape */,
				256FC53929B6EBD100098798 /* Standard Shapes in SwiftUI */,
				252EC1A429B57A8C00E58960 /* REST API */,
				2597082929B42743008D2BF7 /* State in SwiftUI */,
				2514688129B2D813003FEDB8 /* Links in SwiftUI */,
				25326D0429B1949F00BEDBD9 /* Group */,
				25D1898129B03DA000C9DC95 /* AsyncImage */,
			);
			path = "202303-Mar 2023";
			sourceTree = "<group>";
		};
		25D1898529B0543400C9DC95 /* ColorPicker */ = {
			isa = PBXGroup;
			children = (
				25D1898629B0545D00C9DC95 /* ContentView-DemoColorPicker20230213.swift */,
				25D1898829B055BA00C9DC95 /* CustomColorPickerView-DemoColorPicker20230213.swift */,
			);
			path = ColorPicker;
			sourceTree = "<group>";
		};
		25D1898A29B0566D00C9DC95 /* ColorSchemePreference */ = {
			isa = PBXGroup;
			children = (
				25D1898B29B0568500C9DC95 /* ContentView-DemoColorSchemePreference20230224.swift */,
			);
			path = ColorSchemePreference;
			sourceTree = "<group>";
		};
		25D3439729AEE149009E736D /* CodableImage */ = {
			isa = PBXGroup;
			children = (
				25D3439829AEE179009E736D /* ContentView-DemoCodableImage20230211.swift */,
			);
			path = CodableImage;
			sourceTree = "<group>";
		};
		25D3439A29AEE3ED009E736D /* Charts */ = {
			isa = PBXGroup;
			children = (
				25D3439B29AEE41A009E736D /* ContentView-DemoCharts20230209.swift */,
			);
			path = Charts;
			sourceTree = "<group>";
		};
		25D3439D29AEE623009E736D /* Initializers */ = {
			isa = PBXGroup;
			children = (
				25D3439E29AEE63A009E736D /* DemoInitializers20230228.swift */,
			);
			path = Initializers;
			sourceTree = "<group>";
		};
		25D76B2929AD943000226176 /* Menu Button */ = {
			isa = PBXGroup;
			children = (
				25D76B2A29AD949F00226176 /* ContentView-DemoMenuButton20230208.swift */,
			);
			path = "Menu Button";
			sourceTree = "<group>";
		};
		25D76B2C29AD958400226176 /* CoreDataMVVM */ = {
			isa = PBXGroup;
			children = (
				25D76B2D29AD95A400226176 /* Model20230210.xcdatamodeld */,
				25D76B3029AD95C500226176 /* ContentView-DemoCoreData20230210.swift */,
				25D76B3229AD963100226176 /* ViewModel-DemoCoreData20230210.swift */,
				25D76B3429AD966200226176 /* Persistence-DemoCoreData20230210.swift */,
			);
			path = CoreDataMVVM;
			sourceTree = "<group>";
		};
		25D76B3729AD9B0B00226176 /* Local JSON */ = {
			isa = PBXGroup;
			children = (
				25D76B3829AD9B6100226176 /* ContentView-DemoLocalJSON20230227.swift */,
			);
			path = "Local JSON";
			sourceTree = "<group>";
		};
		25E35FF429C0051100B88CE9 /* Pickers in SwiftUI */ = {
			isa = PBXGroup;
			children = (
				25E35FF529C0053200B88CE9 /* ContentView-DemoPicker20230313.swift */,
			);
			path = "Pickers in SwiftUI";
			sourceTree = "<group>";
		};
		25FFBDC329D69A6300EF4F73 /* Gauge View */ = {
			isa = PBXGroup;
			children = (
				25FFBDC129D6782100EF4F73 /* ContentView-DemoGaugeView20230331.swift */,
			);
			path = "Gauge View";
			sourceTree = "<group>";
		};
/* End PBXGroup section */

/* Begin PBXNativeTarget section */
		25AA146D29AC4E1000970AF1 /* iOSDevX */ = {
			isa = PBXNativeTarget;
			buildConfigurationList = 25AA147C29AC4E1000970AF1 /* Build configuration list for PBXNativeTarget "iOSDevX" */;
			buildPhases = (
				25AA146A29AC4E1000970AF1 /* Sources */,
				25AA146B29AC4E1000970AF1 /* Frameworks */,
				25AA146C29AC4E1000970AF1 /* Resources */,
			);
			buildRules = (
			);
			dependencies = (
			);
			name = iOSDevX;
			productName = iOSDevX;
			productReference = 25AA146E29AC4E1000970AF1 /* iOSDevX.app */;
			productType = "com.apple.product-type.application";
		};
/* End PBXNativeTarget section */

/* Begin PBXProject section */
		25AA146629AC4E1000970AF1 /* Project object */ = {
			isa = PBXProject;
			attributes = {
				BuildIndependentTargetsInParallel = 1;
				LastSwiftUpdateCheck = 1420;
				LastUpgradeCheck = 1420;
				TargetAttributes = {
					25AA146D29AC4E1000970AF1 = {
						CreatedOnToolsVersion = 14.2;
					};
				};
			};
			buildConfigurationList = 25AA146929AC4E1000970AF1 /* Build configuration list for PBXProject "iOSDevX" */;
			compatibilityVersion = "Xcode 14.0";
			developmentRegion = en;
			hasScannedForEncodings = 0;
			knownRegions = (
				en,
				Base,
			);
			mainGroup = 25AA146529AC4E1000970AF1;
			productRefGroup = 25AA146F29AC4E1000970AF1 /* Products */;
			projectDirPath = "";
			projectRoot = "";
			targets = (
				25AA146D29AC4E1000970AF1 /* iOSDevX */,
			);
		};
/* End PBXProject section */

/* Begin PBXResourcesBuildPhase section */
		25AA146C29AC4E1000970AF1 /* Resources */ = {
			isa = PBXResourcesBuildPhase;
			buildActionMask = 2147483647;
			files = (
				2542682F29AC4F370039ECF6 /* .gitignore in Resources */,
				2542682D29AC4F240039ECF6 /* README.md in Resources */,
				25AA147929AC4E1000970AF1 /* Preview Assets.xcassets in Resources */,
				25AA147629AC4E1000970AF1 /* Assets.xcassets in Resources */,
			);
			runOnlyForDeploymentPostprocessing = 0;
		};
/* End PBXResourcesBuildPhase section */

/* Begin PBXSourcesBuildPhase section */
		25AA146A29AC4E1000970AF1 /* Sources */ = {
			isa = PBXSourcesBuildPhase;
			buildActionMask = 2147483647;
			files = (
				2590E03829D3D36F005011DA /* ContentView-DemoAlert20230328.swift in Sources */,
				2542683729AC4FF40039ECF6 /* Model-DemoSearchable20230207.swift in Sources */,
				25B4B57529CA6200000494E4 /* ContentView-DemoPageView20230321.swift in Sources */,
				2524754429CBE9D500532385 /* ContentView-DemoToolbarItem20230322.swift in Sources */,
				255D776229B807CB000A901B /* ContentView-DemoCustomShape20230307.swift in Sources */,
				25D3439C29AEE41A009E736D /* ContentView-DemoCharts20230209.swift in Sources */,
				255D67BC29DBA92B00CCD2CB /* ContentView-DemoDragGesture20230403.swift in Sources */,
				258DFC7029BD79AA0097CCC6 /* ContentView-DemoLinearGradient20230311.swift in Sources */,
				25D3439F29AEE63A009E736D /* DemoInitializers20230228.swift in Sources */,
				256FC53B29B6EC0100098798 /* ContentView-DemoShapes20230306.swift in Sources */,
				256A776F29C55F55006F3576 /* ContentView-DemoGeometryReader20230317.swift in Sources */,
				25E35FF629C0053200B88CE9 /* ContentView-DemoPicker20230313.swift in Sources */,
				2532F9C529C9453500B2E1BB /* ContentView-DemoSortOptions20230320.swift in Sources */,
				25C9522C29C6916300B1D640 /* ContentView-DemoForEach20230318.swift in Sources */,
				258B480E29BC22AD00FEC6C5 /* ContentView-DemoCopyToClipboard20230310.swift in Sources */,
				2517047929BADB9A0038139B /* ContentView-DemoSheetAnd3DRotation20230309.swift in Sources */,
				2542683C29AC5B430039ECF6 /* ContentView-DemoDynamicIslandNotification20230226.swift in Sources */,
				25D1898C29B0568500C9DC95 /* ContentView-DemoColorSchemePreference20230224.swift in Sources */,
				252EC1A629B57AA400E58960 /* ContentView-DemoRESTAPI20230305.swift in Sources */,
				2542683529AC4FF40039ECF6 /* ViewModel-DemoSearchable20230207.swift in Sources */,
				25D76B2F29AD95A400226176 /* Model20230210.xcdatamodeld in Sources */,
				2597082B29B427AC008D2BF7 /* ContentView-DemoState20230304.swift in Sources */,
				25D1898729B0545D00C9DC95 /* ContentView-DemoColorPicker20230213.swift in Sources */,
				25D3439929AEE179009E736D /* ContentView-DemoCodableImage20230211.swift in Sources */,
				25D1898929B055BA00C9DC95 /* CustomColorPickerView-DemoColorPicker20230213.swift in Sources */,
				25FFBDC229D6782100EF4F73 /* ContentView-DemoGaugeView20230331.swift in Sources */,
				2542683629AC4FF40039ECF6 /* ContentView-DemoSearchable20230207.swift in Sources */,
				251A63D729CD3B1200843F54 /* ContentView-DemoStepper20230323.swift in Sources */,
				253D252B29C7F20900EBAD9C /* ContentView-DemoDelegatePattern20230319.swift in Sources */,
				2569394D29B9326D00BC9AD5 /* ContentView-DemoGridView20230308.swift in Sources */,
				256D118D29C2AEEA009596EA /* ContentView-DemoUserInputs20230315.swift in Sources */,
				25CD9DAE29C3FF49000C6785 /* ContentView-DemoMapWithPin2023.swift in Sources */,
				25AA147229AC4E1000970AF1 /* iOSDevXApp.swift in Sources */,
				2514688329B2D830003FEDB8 /* ContentView-DemoLinks20230303.swift in Sources */,
				25726C1F29D523EE005B664A /* ContentView-DemoProgressView20230329.swift in Sources */,
				25D1898329B03EAF00C9DC95 /* ContentView-DemoAsycImg20230301.swift in Sources */,
				25D76B3329AD963100226176 /* ViewModel-DemoCoreData20230210.swift in Sources */,
				25D76B3129AD95C500226176 /* ContentView-DemoCoreData20230210.swift in Sources */,
				25326D0629B194B400BEDBD9 /* ContentView-DemoGroup20230302.swift in Sources */,
				25D76B2B29AD949F00226176 /* ContentView-DemoMenuButton20230208.swift in Sources */,
				25BAE6BF29CE833400D62578 /* ContentView-DemoTernaryOperator20230324.swift in Sources */,
				25D76B3529AD966200226176 /* Persistence-DemoCoreData20230210.swift in Sources */,
				2534EA3029D12EA200FFE9CA /* ContentView-DemoDatePicker20230326.swift in Sources */,
				25CD9DAC29C3FA96000C6785 /* ContentView-DemoMapKit20230316.swift in Sources */,
				25D76B3929AD9B6100226176 /* ContentView-DemoLocalJSON20230227.swift in Sources */,
			);
			runOnlyForDeploymentPostprocessing = 0;
		};
/* End PBXSourcesBuildPhase section */

/* Begin XCBuildConfiguration section */
		25AA147A29AC4E1000970AF1 /* Debug */ = {
			isa = XCBuildConfiguration;
			buildSettings = {
				ALWAYS_SEARCH_USER_PATHS = NO;
				CLANG_ANALYZER_NONNULL = YES;
				CLANG_ANALYZER_NUMBER_OBJECT_CONVERSION = YES_AGGRESSIVE;
				CLANG_CXX_LANGUAGE_STANDARD = "gnu++20";
				CLANG_ENABLE_MODULES = YES;
				CLANG_ENABLE_OBJC_ARC = YES;
				CLANG_ENABLE_OBJC_WEAK = YES;
				CLANG_WARN_BLOCK_CAPTURE_AUTORELEASING = YES;
				CLANG_WARN_BOOL_CONVERSION = YES;
				CLANG_WARN_COMMA = YES;
				CLANG_WARN_CONSTANT_CONVERSION = YES;
				CLANG_WARN_DEPRECATED_OBJC_IMPLEMENTATIONS = YES;
				CLANG_WARN_DIRECT_OBJC_ISA_USAGE = YES_ERROR;
				CLANG_WARN_DOCUMENTATION_COMMENTS = YES;
				CLANG_WARN_EMPTY_BODY = YES;
				CLANG_WARN_ENUM_CONVERSION = YES;
				CLANG_WARN_INFINITE_RECURSION = YES;
				CLANG_WARN_INT_CONVERSION = YES;
				CLANG_WARN_NON_LITERAL_NULL_CONVERSION = YES;
				CLANG_WARN_OBJC_IMPLICIT_RETAIN_SELF = YES;
				CLANG_WARN_OBJC_LITERAL_CONVERSION = YES;
				CLANG_WARN_OBJC_ROOT_CLASS = YES_ERROR;
				CLANG_WARN_QUOTED_INCLUDE_IN_FRAMEWORK_HEADER = YES;
				CLANG_WARN_RANGE_LOOP_ANALYSIS = YES;
				CLANG_WARN_STRICT_PROTOTYPES = YES;
				CLANG_WARN_SUSPICIOUS_MOVE = YES;
				CLANG_WARN_UNGUARDED_AVAILABILITY = YES_AGGRESSIVE;
				CLANG_WARN_UNREACHABLE_CODE = YES;
				CLANG_WARN__DUPLICATE_METHOD_MATCH = YES;
				COPY_PHASE_STRIP = NO;
				DEBUG_INFORMATION_FORMAT = dwarf;
				ENABLE_STRICT_OBJC_MSGSEND = YES;
				ENABLE_TESTABILITY = YES;
				GCC_C_LANGUAGE_STANDARD = gnu11;
				GCC_DYNAMIC_NO_PIC = NO;
				GCC_NO_COMMON_BLOCKS = YES;
				GCC_OPTIMIZATION_LEVEL = 0;
				GCC_PREPROCESSOR_DEFINITIONS = (
					"DEBUG=1",
					"$(inherited)",
				);
				GCC_WARN_64_TO_32_BIT_CONVERSION = YES;
				GCC_WARN_ABOUT_RETURN_TYPE = YES_ERROR;
				GCC_WARN_UNDECLARED_SELECTOR = YES;
				GCC_WARN_UNINITIALIZED_AUTOS = YES_AGGRESSIVE;
				GCC_WARN_UNUSED_FUNCTION = YES;
				GCC_WARN_UNUSED_VARIABLE = YES;
				IPHONEOS_DEPLOYMENT_TARGET = 16.4;
				MTL_ENABLE_DEBUG_INFO = INCLUDE_SOURCE;
				MTL_FAST_MATH = YES;
				ONLY_ACTIVE_ARCH = YES;
				SDKROOT = iphoneos;
				SWIFT_ACTIVE_COMPILATION_CONDITIONS = DEBUG;
				SWIFT_OPTIMIZATION_LEVEL = "-Onone";
			};
			name = Debug;
		};
		25AA147B29AC4E1000970AF1 /* Release */ = {
			isa = XCBuildConfiguration;
			buildSettings = {
				ALWAYS_SEARCH_USER_PATHS = NO;
				CLANG_ANALYZER_NONNULL = YES;
				CLANG_ANALYZER_NUMBER_OBJECT_CONVERSION = YES_AGGRESSIVE;
				CLANG_CXX_LANGUAGE_STANDARD = "gnu++20";
				CLANG_ENABLE_MODULES = YES;
				CLANG_ENABLE_OBJC_ARC = YES;
				CLANG_ENABLE_OBJC_WEAK = YES;
				CLANG_WARN_BLOCK_CAPTURE_AUTORELEASING = YES;
				CLANG_WARN_BOOL_CONVERSION = YES;
				CLANG_WARN_COMMA = YES;
				CLANG_WARN_CONSTANT_CONVERSION = YES;
				CLANG_WARN_DEPRECATED_OBJC_IMPLEMENTATIONS = YES;
				CLANG_WARN_DIRECT_OBJC_ISA_USAGE = YES_ERROR;
				CLANG_WARN_DOCUMENTATION_COMMENTS = YES;
				CLANG_WARN_EMPTY_BODY = YES;
				CLANG_WARN_ENUM_CONVERSION = YES;
				CLANG_WARN_INFINITE_RECURSION = YES;
				CLANG_WARN_INT_CONVERSION = YES;
				CLANG_WARN_NON_LITERAL_NULL_CONVERSION = YES;
				CLANG_WARN_OBJC_IMPLICIT_RETAIN_SELF = YES;
				CLANG_WARN_OBJC_LITERAL_CONVERSION = YES;
				CLANG_WARN_OBJC_ROOT_CLASS = YES_ERROR;
				CLANG_WARN_QUOTED_INCLUDE_IN_FRAMEWORK_HEADER = YES;
				CLANG_WARN_RANGE_LOOP_ANALYSIS = YES;
				CLANG_WARN_STRICT_PROTOTYPES = YES;
				CLANG_WARN_SUSPICIOUS_MOVE = YES;
				CLANG_WARN_UNGUARDED_AVAILABILITY = YES_AGGRESSIVE;
				CLANG_WARN_UNREACHABLE_CODE = YES;
				CLANG_WARN__DUPLICATE_METHOD_MATCH = YES;
				COPY_PHASE_STRIP = NO;
				DEBUG_INFORMATION_FORMAT = "dwarf-with-dsym";
				ENABLE_NS_ASSERTIONS = NO;
				ENABLE_STRICT_OBJC_MSGSEND = YES;
				GCC_C_LANGUAGE_STANDARD = gnu11;
				GCC_NO_COMMON_BLOCKS = YES;
				GCC_WARN_64_TO_32_BIT_CONVERSION = YES;
				GCC_WARN_ABOUT_RETURN_TYPE = YES_ERROR;
				GCC_WARN_UNDECLARED_SELECTOR = YES;
				GCC_WARN_UNINITIALIZED_AUTOS = YES_AGGRESSIVE;
				GCC_WARN_UNUSED_FUNCTION = YES;
				GCC_WARN_UNUSED_VARIABLE = YES;
				IPHONEOS_DEPLOYMENT_TARGET = 16.4;
				MTL_ENABLE_DEBUG_INFO = NO;
				MTL_FAST_MATH = YES;
				SDKROOT = iphoneos;
				SWIFT_COMPILATION_MODE = wholemodule;
				SWIFT_OPTIMIZATION_LEVEL = "-O";
				VALIDATE_PRODUCT = YES;
			};
			name = Release;
		};
		25AA147D29AC4E1000970AF1 /* Debug */ = {
			isa = XCBuildConfiguration;
			buildSettings = {
				ASSETCATALOG_COMPILER_APPICON_NAME = AppIcon;
				ASSETCATALOG_COMPILER_GLOBAL_ACCENT_COLOR_NAME = AccentColor;
				CODE_SIGN_STYLE = Automatic;
				CURRENT_PROJECT_VERSION = 1;
				DEVELOPMENT_ASSET_PATHS = "\"iOSDevX/Preview Content\"";
				DEVELOPMENT_TEAM = R32QX33ST9;
				ENABLE_PREVIEWS = YES;
				GENERATE_INFOPLIST_FILE = YES;
				INFOPLIST_KEY_UIApplicationSceneManifest_Generation = YES;
				INFOPLIST_KEY_UIApplicationSupportsIndirectInputEvents = YES;
				INFOPLIST_KEY_UILaunchScreen_Generation = YES;
				INFOPLIST_KEY_UISupportedInterfaceOrientations_iPad = "UIInterfaceOrientationPortrait UIInterfaceOrientationPortraitUpsideDown UIInterfaceOrientationLandscapeLeft UIInterfaceOrientationLandscapeRight";
				INFOPLIST_KEY_UISupportedInterfaceOrientations_iPhone = "UIInterfaceOrientationPortrait UIInterfaceOrientationLandscapeLeft UIInterfaceOrientationLandscapeRight";
				IPHONEOS_DEPLOYMENT_TARGET = 16.4;
				LD_RUNPATH_SEARCH_PATHS = (
					"$(inherited)",
					"@executable_path/Frameworks",
				);
				MARKETING_VERSION = 1.0;
				PRODUCT_BUNDLE_IDENTIFIER = com.xavier7t.iOSDevX;
				PRODUCT_NAME = "$(TARGET_NAME)";
				SWIFT_EMIT_LOC_STRINGS = YES;
				SWIFT_VERSION = 5.0;
				TARGETED_DEVICE_FAMILY = "1,2";
			};
			name = Debug;
		};
		25AA147E29AC4E1000970AF1 /* Release */ = {
			isa = XCBuildConfiguration;
			buildSettings = {
				ASSETCATALOG_COMPILER_APPICON_NAME = AppIcon;
				ASSETCATALOG_COMPILER_GLOBAL_ACCENT_COLOR_NAME = AccentColor;
				CODE_SIGN_STYLE = Automatic;
				CURRENT_PROJECT_VERSION = 1;
				DEVELOPMENT_ASSET_PATHS = "\"iOSDevX/Preview Content\"";
				DEVELOPMENT_TEAM = R32QX33ST9;
				ENABLE_PREVIEWS = YES;
				GENERATE_INFOPLIST_FILE = YES;
				INFOPLIST_KEY_UIApplicationSceneManifest_Generation = YES;
				INFOPLIST_KEY_UIApplicationSupportsIndirectInputEvents = YES;
				INFOPLIST_KEY_UILaunchScreen_Generation = YES;
				INFOPLIST_KEY_UISupportedInterfaceOrientations_iPad = "UIInterfaceOrientationPortrait UIInterfaceOrientationPortraitUpsideDown UIInterfaceOrientationLandscapeLeft UIInterfaceOrientationLandscapeRight";
				INFOPLIST_KEY_UISupportedInterfaceOrientations_iPhone = "UIInterfaceOrientationPortrait UIInterfaceOrientationLandscapeLeft UIInterfaceOrientationLandscapeRight";
				IPHONEOS_DEPLOYMENT_TARGET = 16.4;
				LD_RUNPATH_SEARCH_PATHS = (
					"$(inherited)",
					"@executable_path/Frameworks",
				);
				MARKETING_VERSION = 1.0;
				PRODUCT_BUNDLE_IDENTIFIER = com.xavier7t.iOSDevX;
				PRODUCT_NAME = "$(TARGET_NAME)";
				SWIFT_EMIT_LOC_STRINGS = YES;
				SWIFT_VERSION = 5.0;
				TARGETED_DEVICE_FAMILY = "1,2";
			};
			name = Release;
		};
/* End XCBuildConfiguration section */

/* Begin XCConfigurationList section */
		25AA146929AC4E1000970AF1 /* Build configuration list for PBXProject "iOSDevX" */ = {
			isa = XCConfigurationList;
			buildConfigurations = (
				25AA147A29AC4E1000970AF1 /* Debug */,
				25AA147B29AC4E1000970AF1 /* Release */,
			);
			defaultConfigurationIsVisible = 0;
			defaultConfigurationName = Release;
		};
		25AA147C29AC4E1000970AF1 /* Build configuration list for PBXNativeTarget "iOSDevX" */ = {
			isa = XCConfigurationList;
			buildConfigurations = (
				25AA147D29AC4E1000970AF1 /* Debug */,
				25AA147E29AC4E1000970AF1 /* Release */,
			);
			defaultConfigurationIsVisible = 0;
			defaultConfigurationName = Release;
		};
/* End XCConfigurationList section */

/* Begin XCVersionGroup section */
		25D76B2D29AD95A400226176 /* Model20230210.xcdatamodeld */ = {
			isa = XCVersionGroup;
			children = (
				25D76B2E29AD95A400226176 /* Model.xcdatamodel */,
			);
			currentVersion = 25D76B2E29AD95A400226176 /* Model.xcdatamodel */;
			path = Model20230210.xcdatamodeld;
			sourceTree = "<group>";
			versionGroupType = wrapper.xcdatamodel;
		};
/* End XCVersionGroup section */
	};
	rootObject = 25AA146629AC4E1000970AF1 /* Project object */;
}
